{
  "object": {
    "pins": [
      {
        "package": "Yams",
        "repositoryURL": "https://github.com/jpsim/Yams.git",
        "state": {
          "branch": null,
          "revision": "618582e09699b577fa183bab7d88e3ee7d9a1d19",
          "version": "1.0.0"
        }
      }
    ]
  },
  "version": 1
}
